// !$*UTF8*$!
{
	archiveVersion = 1;
	classes = {
	};
	objectVersion = 46;
	objects = {

/* Begin PBXBuildFile section */
		3B6C674B1F17559F00A1F557 /* main.m in Sources */ = {isa = PBXBuildFile; fileRef = 3B6C674A1F17559F00A1F557 /* main.m */; };
		3B6C674E1F17559F00A1F557 /* AppDelegate.m in Sources */ = {isa = PBXBuildFile; fileRef = 3B6C674D1F17559F00A1F557 /* AppDelegate.m */; };
		3B6C67511F17559F00A1F557 /* ViewController.m in Sources */ = {isa = PBXBuildFile; fileRef = 3B6C67501F17559F00A1F557 /* ViewController.m */; };
		3B6C67541F17559F00A1F557 /* Main.storyboard in Resources */ = {isa = PBXBuildFile; fileRef = 3B6C67521F17559F00A1F557 /* Main.storyboard */; };
		3B6C67561F17559F00A1F557 /* Assets.xcassets in Resources */ = {isa = PBXBuildFile; fileRef = 3B6C67551F17559F00A1F557 /* Assets.xcassets */; };
		3B6C67591F17559F00A1F557 /* LaunchScreen.storyboard in Resources */ = {isa = PBXBuildFile; fileRef = 3B6C67571F17559F00A1F557 /* LaunchScreen.storyboard */; };
/* End PBXBuildFile section */

/* Begin PBXFileReference section */
		3B6C67461F17559F00A1F557 /* ZZTest.app */ = {isa = PBXFileReference; explicitFileType = wrapper.application; includeInIndex = 0; path = ZZTest.app; sourceTree = BUILT_PRODUCTS_DIR; };
		3B6C674A1F17559F00A1F557 /* main.m */ = {isa = PBXFileReference; lastKnownFileType = sourcecode.c.objc; path = main.m; sourceTree = "<group>"; };
		3B6C674C1F17559F00A1F557 /* AppDelegate.h */ = {isa = PBXFileReference; lastKnownFileType = sourcecode.c.h; path = AppDelegate.h; sourceTree = "<group>"; };
		3B6C674D1F17559F00A1F557 /* AppDelegate.m */ = {isa = PBXFileReference; lastKnownFileType = sourcecode.c.objc; path = AppDelegate.m; sourceTree = "<group>"; };
		3B6C674F1F17559F00A1F557 /* ViewController.h */ = {isa = PBXFileReference; lastKnownFileType = sourcecode.c.h; path = ViewController.h; sourceTree = "<group>"; };
		3B6C67501F17559F00A1F557 /* ViewController.m */ = {isa = PBXFileReference; lastKnownFileType = sourcecode.c.objc; path = ViewController.m; sourceTree = "<group>"; };
		3B6C67531F17559F00A1F557 /* Base */ = {isa = PBXFileReference; lastKnownFileType = file.storyboard; name = Base; path = Base.lproj/Main.storyboard; sourceTree = "<group>"; };
		3B6C67551F17559F00A1F557 /* Assets.xcassets */ = {isa = PBXFileReference; lastKnownFileType = folder.assetcatalog; path = Assets.xcassets; sourceTree = "<group>"; };
		3B6C67581F17559F00A1F557 /* Base */ = {isa = PBXFileReference; lastKnownFileType = file.storyboard; name = Base; path = Base.lproj/LaunchScreen.storyboard; sourceTree = "<group>"; };
		3B6C675A1F17559F00A1F557 /* Info.plist */ = {isa = PBXFileReference; lastKnownFileType = text.plist.xml; path = Info.plist; sourceTree = "<group>"; };
/* End PBXFileReference section */

/* Begin PBXFrameworksBuildPhase section */
		3B6C67431F17559F00A1F557 /* Frameworks */ = {
			isa = PBXFrameworksBuildPhase;
			buildActionMask = 2147483647;
			files = (
			);
			runOnlyForDeploymentPostprocessing = 0;
		};
/* End PBXFrameworksBuildPhase section */

/* Begin PBXGroup section */
		3B6C673D1F17559F00A1F557 = {
			isa = PBXGroup;
			children = (
				3B6C67481F17559F00A1F557 /* ZZTest */,
				3B6C67471F17559F00A1F557 /* Products */,
			);
			sourceTree = "<group>";
		};
		3B6C67471F17559F00A1F557 /* Products */ = {
			isa = PBXGroup;
			children = (
				3B6C67461F17559F00A1F557 /* ZZTest.app */,
			);
			name = Products;
			sourceTree = "<group>";
		};
		3B6C67481F17559F00A1F557 /* ZZTest */ = {
			isa = PBXGroup;
			children = (
				3B6C674C1F17559F00A1F557 /* AppDelegate.h */,
				3B6C674D1F17559F00A1F557 /* AppDelegate.m */,
				3B6C674F1F17559F00A1F557 /* ViewController.h */,
				3B6C67501F17559F00A1F557 /* ViewController.m */,
				3B6C67521F17559F00A1F557 /* Main.storyboard */,
				3B6C67551F17559F00A1F557 /* Assets.xcassets */,
				3B6C67571F17559F00A1F557 /* LaunchScreen.storyboard */,
				3B6C675A1F17559F00A1F557 /* Info.plist */,
				3B6C67491F17559F00A1F557 /* Supporting Files */,
			);
			path = ZZTest;
			sourceTree = "<group>";
		};
		3B6C67491F17559F00A1F557 /* Supporting Files */ = {
			isa = PBXGroup;
			children = (
				3B6C674A1F17559F00A1F557 /* main.m */,
			);
			name = "Supporting Files";
			sourceTree = "<group>";
		};
/* End PBXGroup section */

/* Begin PBXNativeTarget section */
		3B6C67451F17559F00A1F557 /* ZZTest */ = {
			isa = PBXNativeTarget;
			buildConfigurationList = 3B6C675D1F17559F00A1F557 /* Build configuration list for PBXNativeTarget "ZZTest" */;
			buildPhases = (
				3B6C67421F17559F00A1F557 /* Sources */,
				3B6C67431F17559F00A1F557 /* Frameworks */,
				3B6C67441F17559F00A1F557 /* Resources */,
			);
			buildRules = (
			);
			dependencies = (
			);
			name = ZZTest;
			productName = ZZTest;
			productReference = 3B6C67461F17559F00A1F557 /* ZZTest.app */;
			productType = "com.apple.product-type.application";
		};
/* End PBXNativeTarget section */

/* Begin PBXProject section */
		3B6C673E1F17559F00A1F557 /* Project object */ = {
			isa = PBXProject;
			attributes = {
				LastUpgradeCheck = 0830;
				ORGANIZATIONNAME = zhouzheng;
				TargetAttributes = {
					3B6C67451F17559F00A1F557 = {
						CreatedOnToolsVersion = 8.3.2;
						ProvisioningStyle = Automatic;
					};
				};
			};
			buildConfigurationList = 3B6C67411F17559F00A1F557 /* Build configuration list for PBXProject "ZZTest" */;
			compatibilityVersion = "Xcode 3.2";
			developmentRegion = English;
			hasScannedForEncodings = 0;
			knownRegions = (
				en,
				Base,
			);
			mainGroup = 3B6C673D1F17559F00A1F557;
			productRefGroup = 3B6C67471F17559F00A1F557 /* Products */;
			projectDirPath = "";
			projectRoot = "";
			targets = (
				3B6C67451F17559F00A1F557 /* ZZTest */,
			);
		};
/* End PBXProject section */

/* Begin PBXResourcesBuildPhase section */
		3B6C67441F17559F00A1F557 /* Resources */ = {
			isa = PBXResourcesBuildPhase;
			buildActionMask = 2147483647;
			files = (
				3B6C67591F17559F00A1F557 /* LaunchScreen.storyboard in Resources */,
				3B6C67561F17559F00A1F557 /* Assets.xcassets in Resources */,
				3B6C67541F17559F00A1F557 /* Main.storyboard in Resources */,
			);
			runOnlyForDeploymentPostprocessing = 0;
		};
/* End PBXResourcesBuildPhase section */

/* Begin PBXSourcesBuildPhase section */
		3B6C67421F17559F00A1F557 /* Sources */ = {
			isa = PBXSourcesBuildPhase;
			buildActionMask = 2147483647;
			files = (
				3B6C67511F17559F00A1F557 /* ViewController.m in Sources */,
				3B6C674E1F17559F00A1F557 /* AppDelegate.m in Sources */,
				3B6C674B1F17559F00A1F557 /* main.m in Sources */,
			);
			runOnlyForDeploymentPostprocessing = 0;
		};
/* End PBXSourcesBuildPhase section */

/* Begin PBXVariantGroup section */
		3B6C67521F17559F00A1F557 /* Main.storyboard */ = {
			isa = PBXVariantGroup;
			children = (
				3B6C67531F17559F00A1F557 /* Base */,
			);
			name = Main.storyboard;
			sourceTree = "<group>";
		};
		3B6C67571F17559F00A1F557 /* LaunchScreen.storyboard */ = {
			isa = PBXVariantGroup;
			children = (
				3B6C67581F17559F00A1F557 /* Base */,
			);
			name = LaunchScreen.storyboard;
			sourceTree = "<group>";
		};
/* End PBXVariantGroup section */

/* Begin XCBuildConfiguration section */
		3B6C675B1F17559F00A1F557 /* Debug */ = {
			isa = XCBuildConfiguration;
			buildSettings = {
				ALWAYS_SEARCH_USER_PATHS = NO;
				CLANG_ANALYZER_NONNULL = YES;
				CLANG_ANALYZER_NUMBER_OBJECT_CONVERSION = YES_AGGRESSIVE;
				CLANG_CXX_LANGUAGE_STANDARD = "gnu++0x";
				CLANG_CXX_LIBRARY = "libc++";
				CLANG_ENABLE_MODULES = YES;
				CLANG_ENABLE_OBJC_ARC = YES;
				CLANG_WARN_BOOL_CONVERSION = YES;
				CLANG_WARN_CONSTANT_CONVERSION = YES;
				CLANG_WARN_DIRECT_OBJC_ISA_USAGE = YES_ERROR;
				CLANG_WARN_DOCUMENTATION_COMMENTS = YES;
				CLANG_WARN_EMPTY_BODY = YES;
				CLANG_WARN_ENUM_CONVERSION = YES;
				CLANG_WARN_INFINITE_RECURSION = YES;
				CLANG_WARN_INT_CONVERSION = YES;
				CLANG_WARN_OBJC_ROOT_CLASS = YES_ERROR;
				CLANG_WARN_SUSPICIOUS_MOVE = YES;
				CLANG_WARN_UNREACHABLE_CODE = YES;
				CLANG_WARN__DUPLICATE_METHOD_MATCH = YES;
				"CODE_SIGN_IDENTITY[sdk=iphoneos*]" = "iPhone Developer";
				COPY_PHASE_STRIP = NO;
				DEBUG_INFORMATION_FORMAT = dwarf;
				ENABLE_STRICT_OBJC_MSGSEND = YES;
				ENABLE_TESTABILITY = YES;
				GCC_C_LANGUAGE_STANDARD = gnu99;
				GCC_DYNAMIC_NO_PIC = NO;
				GCC_NO_COMMON_BLOCKS = YES;
				GCC_OPTIMIZATION_LEVEL = 0;
				GCC_PREPROCESSOR_DEFINITIONS = (
					"DEBUG=1",
					"$(inherited)",
				);
				GCC_WARN_64_TO_32_BIT_CONVERSION = YES;
				GCC_WARN_ABOUT_RETURN_TYPE = YES_ERROR;
				GCC_WARN_UNDECLARED_SELECTOR = YES;
				GCC_WARN_UNINITIALIZED_AUTOS = YES_AGGRESSIVE;
				GCC_WARN_UNUSED_FUNCTION = YES;
				GCC_WARN_UNUSED_VARIABLE = YES;
				IPHONEOS_DEPLOYMENT_TARGET = 10.3;
				MTL_ENABLE_DEBUG_INFO = YES;
				ONLY_ACTIVE_ARCH = YES;
				SDKROOT = iphoneos;
				TARGETED_DEVICE_FAMILY = "1,2";
			};
			name = Debug;
		};
		3B6C675C1F17559F00A1F557 /* Release */ = {
			isa = XCBuildConfiguration;
			buildSettings = {
				ALWAYS_SEARCH_USER_PATHS = NO;
				CLANG_ANALYZER_NONNULL = YES;
				CLANG_ANALYZER_NUMBER_OBJECT_CONVERSION = YES_AGGRESSIVE;
				CLANG_CXX_LANGUAGE_STANDARD = "gnu++0x";
				CLANG_CXX_LIBRARY = "libc++";
				CLANG_ENABLE_MODULES = YES;
				CLANG_ENABLE_OBJC_ARC = YES;
				CLANG_WARN_BOOL_CONVERSION = YES;
				CLANG_WARN_CONSTANT_CONVERSION = YES;
				CLANG_WARN_DIRECT_OBJC_ISA_USAGE = YES_ERROR;
				CLANG_WARN_DOCUMENTATION_COMMENTS = YES;
				CLANG_WARN_EMPTY_BODY = YES;
				CLANG_WARN_ENUM_CONVERSION = YES;
				CLANG_WARN_INFINITE_RECURSION = YES;
				CLANG_WARN_INT_CONVERSION = YES;
				CLANG_WARN_OBJC_ROOT_CLASS = YES_ERROR;
				CLANG_WARN_SUSPICIOUS_MOVE = YES;
				CLANG_WARN_UNREACHABLE_CODE = YES;
				CLANG_WARN__DUPLICATE_METHOD_MATCH = YES;
				"CODE_SIGN_IDENTITY[sdk=iphoneos*]" = "iPhone Developer";
				COPY_PHASE_STRIP = NO;
				DEBUG_INFORMATION_FORMAT = "dwarf-with-dsym";
				ENABLE_NS_ASSERTIONS = NO;
				ENABLE_STRICT_OBJC_MSGSEND = YES;
				GCC_C_LANGUAGE_STANDARD = gnu99;
				GCC_NO_COMMON_BLOCKS = YES;
				GCC_WARN_64_TO_32_BIT_CONVERSION = YES;
				GCC_WARN_ABOUT_RETURN_TYPE = YES_ERROR;
				GCC_WARN_UNDECLARED_SELECTOR = YES;
				GCC_WARN_UNINITIALIZED_AUTOS = YES_AGGRESSIVE;
				GCC_WARN_UNUSED_FUNCTION = YES;
				GCC_WARN_UNUSED_VARIABLE = YES;
				IPHONEOS_DEPLOYMENT_TARGET = 10.3;
				MTL_ENABLE_DEBUG_INFO = NO;
				SDKROOT = iphoneos;
				TARGETED_DEVICE_FAMILY = "1,2";
				VALIDATE_PRODUCT = YES;
			};
			name = Release;
		};
		3B6C675E1F17559F00A1F557 /* Debug */ = {
			isa = XCBuildConfiguration;
			buildSettings = {
				ASSETCATALOG_COMPILER_APPICON_NAME = AppIcon;
				INFOPLIST_FILE = ZZTest/Info.plist;
				LD_RUNPATH_SEARCH_PATHS = "$(inherited) @executable_path/Frameworks";
				PRODUCT_BUNDLE_IDENTIFIER = com.readtv.ZZTest;
				PRODUCT_NAME = "$(TARGET_NAME)";
			};
			name = Debug;
		};
		3B6C675F1F17559F00A1F557 /* Release */ = {
			isa = XCBuildConfiguration;
			buildSettings = {
				ASSETCATALOG_COMPILER_APPICON_NAME = AppIcon;
				INFOPLIST_FILE = ZZTest/Info.plist;
				LD_RUNPATH_SEARCH_PATHS = "$(inherited) @executable_path/Frameworks";
				PRODUCT_BUNDLE_IDENTIFIER = com.readtv.ZZTest;
				PRODUCT_NAME = "$(TARGET_NAME)";
			};
			name = Release;
		};
/* End XCBuildConfiguration section */

/* Begin XCConfigurationList section */
		3B6C67411F17559F00A1F557 /* Build configuration list for PBXProject "ZZTest" */ = {
			isa = XCConfigurationList;
			buildConfigurations = (
				3B6C675B1F17559F00A1F557 /* Debug */,
				3B6C675C1F17559F00A1F557 /* Release */,
			);
			defaultConfigurationIsVisible = 0;
			defaultConfigurationName = Release;
		};
		3B6C675D1F17559F00A1F557 /* Build configuration list for PBXNativeTarget "ZZTest" */ = {
			isa = XCConfigurationList;
			buildConfigurations = (
				3B6C675E1F17559F00A1F557 /* Debug */,
				3B6C675F1F17559F00A1F557 /* Release */,
			);
			defaultConfigurationIsVisible = 0;
		};
/* End XCConfigurationList section */
	};
	rootObject = 3B6C673E1F17559F00A1F557 /* Project object */;
}
